
Microsoft Visual Studio Solution File, Format Version 12.00
# Visual Studio Version 17
VisualStudioVersion = 17.0.31903.59
MinimumVisualStudioVersion = 10.0.40219.1
Project("{2150E333-8FDC-42A3-9474-1A3956D46DE8}") = "src", "src", "{EF99642D-391B-40A8-9D42-8F47B6493A79}"
EndProject
Project("{FAE04EC0-301F-11D3-BF4B-00C04F79EFBC}") = "TotalStalker", "src\TotalStalker\TotalStalker.csproj", "{A993C7B0-04AD-411D-B27D-628283368BDD}"
EndProject
Global
	GlobalSection(SolutionConfigurationPlatforms) = preSolution
		Debug|Any CPU = Debug|Any CPU
		Release|Any CPU = Release|Any CPU
	EndGlobalSection
	GlobalSection(ProjectConfigurationPlatforms) = postSolution
		{A993C7B0-04AD-411D-B27D-628283368BDD}.Debug|Any CPU.ActiveCfg = Debug|Any CPU
		{A993C7B0-04AD-411D-B27D-628283368BDD}.Debug|Any CPU.Build.0 = Debug|Any CPU
		{A993C7B0-04AD-411D-B27D-628283368BDD}.Release|Any CPU.ActiveCfg = Release|Any CPU
		{A993C7B0-04AD-411D-B27D-628283368BDD}.Release|Any CPU.Build.0 = Release|Any CPU
	EndGlobalSection
	GlobalSection(SolutionProperties) = preSolution
		HideSolutionNode = FALSE
	EndGlobalSection
	GlobalSection(NestedProjects) = preSolution
		{A993C7B0-04AD-411D-B27D-628283368BDD} = {EF99642D-391B-40A8-9D42-8F47B6493A79}
	EndGlobalSection
EndGlobal
